# This file is @generated by PDM.
# It is not intended for manual editing.

[metadata]
groups = ["default"]
strategy = []
lock_version = "4.5.0"
content_hash = "sha256:d652d79e98caa48a8f67535d4d07be3ccd56aa055dbf614dd1639c3dc813af94"

[[metadata.targets]]
requires_python = "==3.11.*"

[[package]]
name = "accelerate"
version = "1.12.0"
summary = ""
dependencies = [
    "huggingface-hub",
    "numpy",
    "packaging",
    "psutil",
    "pyyaml",
    "safetensors",
    "torch",
]
files = [
    {file = "accelerate-1.12.0-py3-none-any.whl", hash = "sha256:3e2091cd341423207e2f084a6654b1efcd250dc326f2a37d6dde446e07cabb11"},
    {file = "accelerate-1.12.0.tar.gz", hash = "sha256:70988c352feb481887077d2ab845125024b2a137a5090d6d7a32b57d03a45df6"},
]

[[package]]
name = "anyio"
version = "4.12.0"
summary = ""
dependencies = [
    "idna",
    "typing-extensions",
]
files = [
    {file = "anyio-4.12.0-py3-none-any.whl", hash = "sha256:dad2376a628f98eeca4881fc56cd06affd18f659b17a747d3ff0307ced94b1bb"},
    {file = "anyio-4.12.0.tar.gz", hash = "sha256:73c693b567b0c55130c104d0b43a9baf3aa6a31fc6110116509f27bf75e21ec0"},
]

[[package]]
name = "certifi"
version = "2025.11.12"
summary = ""
files = [
    {file = "certifi-2025.11.12-py3-none-any.whl", hash = "sha256:97de8790030bbd5c2d96b7ec782fc2f7820ef8dba6db909ccf95449f2d062d4b"},
    {file = "certifi-2025.11.12.tar.gz", hash = "sha256:d8ab5478f2ecd78af242878415affce761ca6bc54a22a27e026d7c25357c3316"},
]

[[package]]
name = "charset-normalizer"
version = "3.4.4"
summary = ""
files = [
    {file = "charset_normalizer-3.4.4-cp311-cp311-macosx_10_9_universal2.whl", hash = "sha256:6e1fcf0720908f200cd21aa4e6750a48ff6ce4afe7ff5a79a90d5ed8a08296f8"},
    {file = "charset_normalizer-3.4.4-cp311-cp311-manylinux2014_aarch64.manylinux_2_17_aarch64.manylinux_2_28_aarch64.whl", hash = "sha256:5f819d5fe9234f9f82d75bdfa9aef3a3d72c4d24a6e57aeaebba32a704553aa0"},
    {file = "charset_normalizer-3.4.4-cp311-cp311-manylinux2014_armv7l.manylinux_2_17_armv7l.manylinux_2_31_armv7l.whl", hash = "sha256:a59cb51917aa591b1c4e6a43c132f0cdc3c76dbad6155df4e28ee626cc77a0a3"},
    {file = "charset_normalizer-3.4.4-cp311-cp311-manylinux2014_ppc64le.manylinux_2_17_ppc64le.manylinux_2_28_ppc64le.whl", hash = "sha256:8ef3c867360f88ac904fd3f5e1f902f13307af9052646963ee08ff4f131adafc"},
    {file = "charset_normalizer-3.4.4-cp311-cp311-manylinux2014_s390x.manylinux_2_17_s390x.manylinux_2_28_s390x.whl", hash = "sha256:d9e45d7faa48ee908174d8fe84854479ef838fc6a705c9315372eacbc2f02897"},
    {file = "charset_normalizer-3.4.4-cp311-cp311-manylinux2014_x86_64.manylinux_2_17_x86_64.manylinux_2_28_x86_64.whl", hash = "sha256:840c25fb618a231545cbab0564a799f101b63b9901f2569faecd6b222ac72381"},
    {file = "charset_normalizer-3.4.4-cp311-cp311-manylinux_2_31_riscv64.manylinux_2_39_riscv64.whl", hash = "sha256:ca5862d5b3928c4940729dacc329aa9102900382fea192fc5e52eb69d6093815"},
    {file = "charset_normalizer-3.4.4-cp311-cp311-musllinux_1_2_aarch64.whl", hash = "sha256:d9c7f57c3d666a53421049053eaacdd14bbd0a528e2186fcb2e672effd053bb0"},
    {file = "charset_normalizer-3.4.4-cp311-cp311-musllinux_1_2_armv7l.whl", hash = "sha256:277e970e750505ed74c832b4bf75dac7476262ee2a013f5574dd49075879e161"},
    {file = "charset_normalizer-3.4.4-cp311-cp311-musllinux_1_2_ppc64le.whl", hash = "sha256:31fd66405eaf47bb62e8cd575dc621c56c668f27d46a61d975a249930dd5e2a4"},
    {file = "charset_normalizer-3.4.4-cp311-cp311-musllinux_1_2_riscv64.whl", hash = "sha256:0d3d8f15c07f86e9ff82319b3d9ef6f4bf907608f53fe9d92b28ea9ae3d1fd89"},
    {file = "charset_normalizer-3.4.4-cp311-cp311-musllinux_1_2_s390x.whl", hash = "sha256:9f7fcd74d410a36883701fafa2482a6af2ff5ba96b9a620e9e0721e28ead5569"},
    {file = "charset_normalizer-3.4.4-cp311-cp311-musllinux_1_2_x86_64.whl", hash = "sha256:ebf3e58c7ec8a8bed6d66a75d7fb37b55e5015b03ceae72a8e7c74495551e224"},
    {file = "charset_normalizer-3.4.4-cp311-cp311-win32.whl", hash = "sha256:eecbc200c7fd5ddb9a7f16c7decb07b566c29fa2161a16cf67b8d068bd21690a"},
    {file = "charset_normalizer-3.4.4-cp311-cp311-win_amd64.whl", hash = "sha256:5ae497466c7901d54b639cf42d5b8c1b6a4fead55215500d2f486d34db48d016"},
    {file = "charset_normalizer-3.4.4-cp311-cp311-win_arm64.whl", hash = "sha256:65e2befcd84bc6f37095f5961e68a6f077bf44946771354a28ad434c2cce0ae1"},
    {file = "charset_normalizer-3.4.4-py3-none-any.whl", hash = "sha256:7a32c560861a02ff789ad905a2fe94e3f840803362c84fecf1851cb4cf3dc37f"},
    {file = "charset_normalizer-3.4.4.tar.gz", hash = "sha256:94537985111c35f28720e43603b8e7b43a6ecfb2ce1d3058bbe955b73404e21a"},
]

[[package]]
name = "colorama"
version = "0.4.6"
summary = ""
files = [
    {file = "colorama-0.4.6-py2.py3-none-any.whl", hash = "sha256:4f1d9991f5acc0ca119f9d443620b77f9d6b33703e51011c16baf57afb285fc6"},
    {file = "colorama-0.4.6.tar.gz", hash = "sha256:08695f5cb7ed6e0531a20572697297273c47b8cae5a63ffc6d6ed5c201be6e44"},
]

[[package]]
name = "diskcache"
version = "5.6.3"
summary = ""
files = [
    {file = "diskcache-5.6.3-py3-none-any.whl", hash = "sha256:5e31b2d5fbad117cc363ebaf6b689474db18a1f6438bc82358b024abd4c2ca19"},
    {file = "diskcache-5.6.3.tar.gz", hash = "sha256:2c3a3fa2743d8535d832ec61c2054a1641f41775aa7c556758a109941e33e4fc"},
]

[[package]]
name = "filelock"
version = "3.20.0"
summary = ""
files = [
    {file = "filelock-3.20.0-py3-none-any.whl", hash = "sha256:339b4732ffda5cd79b13f4e2711a31b0365ce445d95d243bb996273d072546a2"},
    {file = "filelock-3.20.0.tar.gz", hash = "sha256:711e943b4ec6be42e1d4e6690b48dc175c822967466bb31c0c293f34334c13f4"},
]

[[package]]
name = "fsspec"
version = "2025.12.0"
summary = ""
files = [
    {file = "fsspec-2025.12.0-py3-none-any.whl", hash = "sha256:8bf1fe301b7d8acfa6e8571e3b1c3d158f909666642431cc78a1b7b4dbc5ec5b"},
    {file = "fsspec-2025.12.0.tar.gz", hash = "sha256:c505de011584597b1060ff778bb664c1bc022e87921b0e4f10cc9c44f9635973"},
]

[[package]]
name = "h11"
version = "0.16.0"
summary = ""
files = [
    {file = "h11-0.16.0-py3-none-any.whl", hash = "sha256:63cf8bbe7522de3bf65932fda1d9c2772064ffb3dae62d55932da54b31cb6c86"},
    {file = "h11-0.16.0.tar.gz", hash = "sha256:4e35b956cf45792e4caa5885e69fba00bdbc6ffafbfa020300e549b208ee5ff1"},
]

[[package]]
name = "hf-xet"
version = "1.2.0"
summary = ""
files = [
    {file = "hf_xet-1.2.0-cp37-abi3-macosx_10_12_x86_64.whl", hash = "sha256:46740d4ac024a7ca9b22bebf77460ff43332868b661186a8e46c227fdae01848"},
    {file = "hf_xet-1.2.0-cp37-abi3-macosx_11_0_arm64.whl", hash = "sha256:27df617a076420d8845bea087f59303da8be17ed7ec0cd7ee3b9b9f579dff0e4"},
    {file = "hf_xet-1.2.0-cp37-abi3-manylinux_2_17_x86_64.manylinux2014_x86_64.whl", hash = "sha256:3651fd5bfe0281951b988c0facbe726aa5e347b103a675f49a3fa8144c7968fd"},
    {file = "hf_xet-1.2.0-cp37-abi3-manylinux_2_28_aarch64.whl", hash = "sha256:d06fa97c8562fb3ee7a378dd9b51e343bc5bc8190254202c9771029152f5e08c"},
    {file = "hf_xet-1.2.0-cp37-abi3-musllinux_1_2_aarch64.whl", hash = "sha256:4c1428c9ae73ec0939410ec73023c4f842927f39db09b063b9482dac5a3bb737"},
    {file = "hf_xet-1.2.0-cp37-abi3-musllinux_1_2_x86_64.whl", hash = "sha256:a55558084c16b09b5ed32ab9ed38421e2d87cf3f1f89815764d1177081b99865"},
    {file = "hf_xet-1.2.0-cp37-abi3-win_amd64.whl", hash = "sha256:e6584a52253f72c9f52f9e549d5895ca7a471608495c4ecaa6cc73dba2b24d69"},
    {file = "hf_xet-1.2.0.tar.gz", hash = "sha256:a8c27070ca547293b6890c4bf389f713f80e8c478631432962bb7f4bc0bd7d7f"},
]

[[package]]
name = "httpcore"
version = "1.0.9"
summary = ""
dependencies = [
    "certifi",
    "h11",
]
files = [
    {file = "httpcore-1.0.9-py3-none-any.whl", hash = "sha256:2d400746a40668fc9dec9810239072b40b4484b640a8c38fd654a024c7a1bf55"},
    {file = "httpcore-1.0.9.tar.gz", hash = "sha256:6e34463af53fd2ab5d807f399a9b45ea31c3dfa2276f15a2c3f00afff6e176e8"},
]

[[package]]
name = "httpx"
version = "0.28.1"
summary = ""
dependencies = [
    "anyio",
    "certifi",
    "httpcore",
    "idna",
]
files = [
    {file = "httpx-0.28.1-py3-none-any.whl", hash = "sha256:d909fcccc110f8c7faf814ca82a9a4d816bc5a6dbfea25d6591d6985b8ba59ad"},
    {file = "httpx-0.28.1.tar.gz", hash = "sha256:75e98c5f16b0f35b567856f597f06ff2270a374470a5c2392242528e3e3e42fc"},
]

[[package]]
name = "huggingface-hub"
version = "0.36.0"
summary = ""
dependencies = [
    "filelock",
    "fsspec",
    "hf-xet; platform_machine == \"aarch64\" or platform_machine == \"amd64\" or platform_machine == \"arm64\" or platform_machine == \"x86_64\"",
    "packaging",
    "pyyaml",
    "requests",
    "tqdm",
    "typing-extensions",
]
files = [
    {file = "huggingface_hub-0.36.0-py3-none-any.whl", hash = "sha256:7bcc9ad17d5b3f07b57c78e79d527102d08313caa278a641993acddcb894548d"},
    {file = "huggingface_hub-0.36.0.tar.gz", hash = "sha256:47b3f0e2539c39bf5cde015d63b72ec49baff67b6931c3d97f3f84532e2b8d25"},
]

[[package]]
name = "idna"
version = "3.11"
summary = ""
files = [
    {file = "idna-3.11-py3-none-any.whl", hash = "sha256:771a87f49d9defaf64091e6e6fe9c18d4833f140bd19464795bc32d966ca37ea"},
    {file = "idna-3.11.tar.gz", hash = "sha256:795dafcc9c04ed0c1fb032c2aa73654d8e8c5023a7df64a53f39190ada629902"},
]

[[package]]
name = "jinja2"
version = "3.1.6"
summary = ""
dependencies = [
    "markupsafe",
]
files = [
    {file = "jinja2-3.1.6-py3-none-any.whl", hash = "sha256:85ece4451f492d0c13c5dd7c13a64681a86afae63a5f347908daf103ce6d2f67"},
    {file = "jinja2-3.1.6.tar.gz", hash = "sha256:0137fb05990d35f1275a587e9aee6d56da821fc83491a0fb838183be43f66d6d"},
]

[[package]]
name = "llama-cpp-python"
version = "0.3.16"
summary = ""
dependencies = [
    "diskcache",
    "jinja2",
    "numpy",
    "typing-extensions",
]
files = [
    {file = "llama_cpp_python-0.3.16.tar.gz", hash = "sha256:34ed0f9bd9431af045bb63d9324ae620ad0536653740e9bb163a2e1fcb973be6"},
]

[[package]]
name = "markupsafe"
version = "3.0.3"
summary = ""
files = [
    {file = "markupsafe-3.0.3-cp311-cp311-macosx_10_9_x86_64.whl", hash = "sha256:1cc7ea17a6824959616c525620e387f6dd30fec8cb44f649e31712db02123dad"},
    {file = "markupsafe-3.0.3-cp311-cp311-macosx_11_0_arm64.whl", hash = "sha256:4bd4cd07944443f5a265608cc6aab442e4f74dff8088b0dfc8238647b8f6ae9a"},
    {file = "markupsafe-3.0.3-cp311-cp311-manylinux2014_aarch64.manylinux_2_17_aarch64.manylinux_2_28_aarch64.whl", hash = "sha256:6b5420a1d9450023228968e7e6a9ce57f65d148ab56d2313fcd589eee96a7a50"},
    {file = "markupsafe-3.0.3-cp311-cp311-manylinux2014_x86_64.manylinux_2_17_x86_64.manylinux_2_28_x86_64.whl", hash = "sha256:0bf2a864d67e76e5c9a34dc26ec616a66b9888e25e7b9460e1c76d3293bd9dbf"},
    {file = "markupsafe-3.0.3-cp311-cp311-manylinux_2_31_riscv64.manylinux_2_39_riscv64.whl", hash = "sha256:bc51efed119bc9cfdf792cdeaa4d67e8f6fcccab66ed4bfdd6bde3e59bfcbb2f"},
    {file = "markupsafe-3.0.3-cp311-cp311-musllinux_1_2_aarch64.whl", hash = "sha256:068f375c472b3e7acbe2d5318dea141359e6900156b5b2ba06a30b169086b91a"},
    {file = "markupsafe-3.0.3-cp311-cp311-musllinux_1_2_riscv64.whl", hash = "sha256:7be7b61bb172e1ed687f1754f8e7484f1c8019780f6f6b0786e76bb01c2ae115"},
    {file = "markupsafe-3.0.3-cp311-cp311-musllinux_1_2_x86_64.whl", hash = "sha256:f9e130248f4462aaa8e2552d547f36ddadbeaa573879158d721bbd33dfe4743a"},
    {file = "markupsafe-3.0.3-cp311-cp311-win32.whl", hash = "sha256:0db14f5dafddbb6d9208827849fad01f1a2609380add406671a26386cdf15a19"},
    {file = "markupsafe-3.0.3-cp311-cp311-win_amd64.whl", hash = "sha256:de8a88e63464af587c950061a5e6a67d3632e36df62b986892331d4620a35c01"},
    {file = "markupsafe-3.0.3-cp311-cp311-win_arm64.whl", hash = "sha256:3b562dd9e9ea93f13d53989d23a7e775fdfd1066c33494ff43f5418bc8c58a5c"},
    {file = "markupsafe-3.0.3.tar.gz", hash = "sha256:722695808f4b6457b320fdc131280796bdceb04ab50fe1795cd540799ebe1698"},
]

[[package]]
name = "mpmath"
version = "1.3.0"
summary = ""
files = [
    {file = "mpmath-1.3.0-py3-none-any.whl", hash = "sha256:a0b2b9fe80bbcd81a6647ff13108738cfb482d481d826cc0e02f5b35e5c88d2c"},
    {file = "mpmath-1.3.0.tar.gz", hash = "sha256:7a28eb2a9774d00c7bc92411c19a89209d5da7c4c9a9e227be8330a23a25b91f"},
]

[[package]]
name = "networkx"
version = "3.6.1"
summary = ""
files = [
    {file = "networkx-3.6.1-py3-none-any.whl", hash = "sha256:d47fbf302e7d9cbbb9e2555a0d267983d2aa476bac30e90dfbe5669bd57f3762"},
    {file = "networkx-3.6.1.tar.gz", hash = "sha256:26b7c357accc0c8cde558ad486283728b65b6a95d85ee1cd66bafab4c8168509"},
]

[[package]]
name = "numpy"
version = "2.3.5"
summary = ""
files = [
    {file = "numpy-2.3.5-cp311-cp311-macosx_10_9_x86_64.whl", hash = "sha256:de5672f4a7b200c15a4127042170a694d4df43c992948f5e1af57f0174beed10"},
    {file = "numpy-2.3.5-cp311-cp311-macosx_11_0_arm64.whl", hash = "sha256:acfd89508504a19ed06ef963ad544ec6664518c863436306153e13e94605c218"},
    {file = "numpy-2.3.5-cp311-cp311-macosx_14_0_arm64.whl", hash = "sha256:ffe22d2b05504f786c867c8395de703937f934272eb67586817b46188b4ded6d"},
    {file = "numpy-2.3.5-cp311-cp311-macosx_14_0_x86_64.whl", hash = "sha256:872a5cf366aec6bb1147336480fef14c9164b154aeb6542327de4970282cd2f5"},
    {file = "numpy-2.3.5-cp311-cp311-manylinux_2_27_aarch64.manylinux_2_28_aarch64.whl", hash = "sha256:3095bdb8dd297e5920b010e96134ed91d852d81d490e787beca7e35ae1d89cf7"},
    {file = "numpy-2.3.5-cp311-cp311-manylinux_2_27_x86_64.manylinux_2_28_x86_64.whl", hash = "sha256:8cba086a43d54ca804ce711b2a940b16e452807acebe7852ff327f1ecd49b0d4"},
    {file = "numpy-2.3.5-cp311-cp311-musllinux_1_2_aarch64.whl", hash = "sha256:6cf9b429b21df6b99f4dee7a1218b8b7ffbbe7df8764dc0bd60ce8a0708fed1e"},
    {file = "numpy-2.3.5-cp311-cp311-musllinux_1_2_x86_64.whl", hash = "sha256:396084a36abdb603546b119d96528c2f6263921c50df3c8fd7cb28873a237748"},
    {file = "numpy-2.3.5-cp311-cp311-win32.whl", hash = "sha256:b0c7088a73aef3d687c4deef8452a3ac7c1be4e29ed8bf3b366c8111128ac60c"},
    {file = "numpy-2.3.5-cp311-cp311-win_amd64.whl", hash = "sha256:a414504bef8945eae5f2d7cb7be2d4af77c5d1cb5e20b296c2c25b61dff2900c"},
    {file = "numpy-2.3.5-cp311-cp311-win_arm64.whl", hash = "sha256:0cd00b7b36e35398fa2d16af7b907b65304ef8bb4817a550e06e5012929830fa"},
    {file = "numpy-2.3.5-pp311-pypy311_pp73-macosx_10_15_x86_64.whl", hash = "sha256:f0963b55cdd70fad460fa4c1341f12f976bb26cb66021a5580329bd498988310"},
    {file = "numpy-2.3.5-pp311-pypy311_pp73-macosx_11_0_arm64.whl", hash = "sha256:f4255143f5160d0de972d28c8f9665d882b5f61309d8362fdd3e103cf7bf010c"},
    {file = "numpy-2.3.5-pp311-pypy311_pp73-macosx_14_0_arm64.whl", hash = "sha256:a4b9159734b326535f4dd01d947f919c6eefd2d9827466a696c44ced82dfbc18"},
    {file = "numpy-2.3.5-pp311-pypy311_pp73-macosx_14_0_x86_64.whl", hash = "sha256:2feae0d2c91d46e59fcd62784a3a83b3fb677fead592ce51b5a6fbb4f95965ff"},
    {file = "numpy-2.3.5-pp311-pypy311_pp73-manylinux_2_27_aarch64.manylinux_2_28_aarch64.whl", hash = "sha256:ffac52f28a7849ad7576293c0cb7b9f08304e8f7d738a8cb8a90ec4c55a998eb"},
    {file = "numpy-2.3.5-pp311-pypy311_pp73-manylinux_2_27_x86_64.manylinux_2_28_x86_64.whl", hash = "sha256:63c0e9e7eea69588479ebf4a8a270d5ac22763cc5854e9a7eae952a3908103f7"},
    {file = "numpy-2.3.5-pp311-pypy311_pp73-win_amd64.whl", hash = "sha256:f16417ec91f12f814b10bafe79ef77e70113a2f5f7018640e7425ff979253425"},
    {file = "numpy-2.3.5.tar.gz", hash = "sha256:784db1dcdab56bf0517743e746dfb0f885fc68d948aba86eeec2cba234bdf1c0"},
]

[[package]]
name = "nvidia-cublas-cu12"
version = "12.8.4.1"
summary = ""
files = [
    {file = "nvidia_cublas_cu12-12.8.4.1-py3-none-manylinux_2_27_x86_64.whl", hash = "sha256:8ac4e771d5a348c551b2a426eda6193c19aa630236b418086020df5ba9667142"},
]

[[package]]
name = "nvidia-cuda-cupti-cu12"
version = "12.8.90"
summary = ""
files = [
    {file = "nvidia_cuda_cupti_cu12-12.8.90-py3-none-manylinux2014_x86_64.manylinux_2_17_x86_64.whl", hash = "sha256:ea0cb07ebda26bb9b29ba82cda34849e73c166c18162d3913575b0c9db9a6182"},
]

[[package]]
name = "nvidia-cuda-nvrtc-cu12"
version = "12.8.93"
summary = ""
files = [
    {file = "nvidia_cuda_nvrtc_cu12-12.8.93-py3-none-manylinux2010_x86_64.manylinux_2_12_x86_64.whl", hash = "sha256:a7756528852ef889772a84c6cd89d41dfa74667e24cca16bb31f8f061e3e9994"},
]

[[package]]
name = "nvidia-cuda-runtime-cu12"
version = "12.8.90"
summary = ""
files = [
    {file = "nvidia_cuda_runtime_cu12-12.8.90-py3-none-manylinux2014_x86_64.manylinux_2_17_x86_64.whl", hash = "sha256:adade8dcbd0edf427b7204d480d6066d33902cab2a4707dcfc48a2d0fd44ab90"},
]

[[package]]
name = "nvidia-cudnn-cu12"
version = "9.10.2.21"
summary = ""
dependencies = [
    "nvidia-cublas-cu12",
]
files = [
    {file = "nvidia_cudnn_cu12-9.10.2.21-py3-none-manylinux_2_27_x86_64.whl", hash = "sha256:949452be657fa16687d0930933f032835951ef0892b37d2d53824d1a84dc97a8"},
]

[[package]]
name = "nvidia-cufft-cu12"
version = "11.3.3.83"
summary = ""
dependencies = [
    "nvidia-nvjitlink-cu12",
]
files = [
    {file = "nvidia_cufft_cu12-11.3.3.83-py3-none-manylinux2014_x86_64.manylinux_2_17_x86_64.whl", hash = "sha256:4d2dd21ec0b88cf61b62e6b43564355e5222e4a3fb394cac0db101f2dd0d4f74"},
]

[[package]]
name = "nvidia-cufile-cu12"
version = "1.13.1.3"
summary = ""
files = [
    {file = "nvidia_cufile_cu12-1.13.1.3-py3-none-manylinux2014_x86_64.manylinux_2_17_x86_64.whl", hash = "sha256:1d069003be650e131b21c932ec3d8969c1715379251f8d23a1860554b1cb24fc"},
]

[[package]]
name = "nvidia-curand-cu12"
version = "10.3.9.90"
summary = ""
files = [
    {file = "nvidia_curand_cu12-10.3.9.90-py3-none-manylinux_2_27_x86_64.whl", hash = "sha256:b32331d4f4df5d6eefa0554c565b626c7216f87a06a4f56fab27c3b68a830ec9"},
]

[[package]]
name = "nvidia-cusolver-cu12"
version = "11.7.3.90"
summary = ""
dependencies = [
    "nvidia-cublas-cu12",
    "nvidia-cusparse-cu12",
    "nvidia-nvjitlink-cu12",
]
files = [
    {file = "nvidia_cusolver_cu12-11.7.3.90-py3-none-manylinux_2_27_x86_64.whl", hash = "sha256:4376c11ad263152bd50ea295c05370360776f8c3427b30991df774f9fb26c450"},
]

[[package]]
name = "nvidia-cusparse-cu12"
version = "12.5.8.93"
summary = ""
dependencies = [
    "nvidia-nvjitlink-cu12",
]
files = [
    {file = "nvidia_cusparse_cu12-12.5.8.93-py3-none-manylinux2014_x86_64.manylinux_2_17_x86_64.whl", hash = "sha256:1ec05d76bbbd8b61b06a80e1eaf8cf4959c3d4ce8e711b65ebd0443bb0ebb13b"},
]

[[package]]
name = "nvidia-cusparselt-cu12"
version = "0.7.1"
summary = ""
files = [
    {file = "nvidia_cusparselt_cu12-0.7.1-py3-none-manylinux2014_x86_64.whl", hash = "sha256:f1bb701d6b930d5a7cea44c19ceb973311500847f81b634d802b7b539dc55623"},
]

[[package]]
name = "nvidia-nccl-cu12"
version = "2.27.5"
summary = ""
files = [
    {file = "nvidia_nccl_cu12-2.27.5-py3-none-manylinux2014_x86_64.manylinux_2_17_x86_64.whl", hash = "sha256:ad730cf15cb5d25fe849c6e6ca9eb5b76db16a80f13f425ac68d8e2e55624457"},
]

[[package]]
name = "nvidia-nvjitlink-cu12"
version = "12.8.93"
summary = ""
files = [
    {file = "nvidia_nvjitlink_cu12-12.8.93-py3-none-manylinux2010_x86_64.manylinux_2_12_x86_64.whl", hash = "sha256:81ff63371a7ebd6e6451970684f916be2eab07321b73c9d244dc2b4da7f73b88"},
]

[[package]]
name = "nvidia-nvshmem-cu12"
version = "3.3.20"
summary = ""
files = [
    {file = "nvidia_nvshmem_cu12-3.3.20-py3-none-manylinux2014_x86_64.manylinux_2_17_x86_64.whl", hash = "sha256:d00f26d3f9b2e3c3065be895e3059d6479ea5c638a3f38c9fec49b1b9dd7c1e5"},
]

[[package]]
name = "nvidia-nvtx-cu12"
version = "12.8.90"
summary = ""
files = [
    {file = "nvidia_nvtx_cu12-12.8.90-py3-none-manylinux2014_x86_64.manylinux_2_17_x86_64.whl", hash = "sha256:5b17e2001cc0d751a5bc2c6ec6d26ad95913324a4adb86788c944f8ce9ba441f"},
]

[[package]]
name = "packaging"
version = "25.0"
summary = ""
files = [
    {file = "packaging-25.0-py3-none-any.whl", hash = "sha256:29572ef2b1f17581046b3a2227d5c611fb25ec70ca1ba8554b24b0e69331a484"},
    {file = "packaging-25.0.tar.gz", hash = "sha256:d443872c98d677bf60f6a1f2f8c1cb748e8fe762d2bf9d3148b5599295b0fc4f"},
]

[[package]]
name = "psutil"
version = "7.1.3"
summary = ""
files = [
    {file = "psutil-7.1.3-cp36-abi3-macosx_10_9_x86_64.whl", hash = "sha256:2bdbcd0e58ca14996a42adf3621a6244f1bb2e2e528886959c72cf1e326677ab"},
    {file = "psutil-7.1.3-cp36-abi3-macosx_11_0_arm64.whl", hash = "sha256:bc31fa00f1fbc3c3802141eede66f3a2d51d89716a194bf2cd6fc68310a19880"},
    {file = "psutil-7.1.3-cp36-abi3-manylinux2010_x86_64.manylinux_2_12_x86_64.manylinux_2_28_x86_64.whl", hash = "sha256:3bb428f9f05c1225a558f53e30ccbad9930b11c3fc206836242de1091d3e7dd3"},
    {file = "psutil-7.1.3-cp36-abi3-manylinux2014_aarch64.manylinux_2_17_aarch64.manylinux_2_28_aarch64.whl", hash = "sha256:56d974e02ca2c8eb4812c3f76c30e28836fffc311d55d979f1465c1feeb2b68b"},
    {file = "psutil-7.1.3-cp37-abi3-win_amd64.whl", hash = "sha256:f39c2c19fe824b47484b96f9692932248a54c43799a84282cfe58d05a6449efd"},
    {file = "psutil-7.1.3-cp37-abi3-win_arm64.whl", hash = "sha256:bd0d69cee829226a761e92f28140bec9a5ee9d5b4fb4b0cc589068dbfff559b1"},
    {file = "psutil-7.1.3.tar.gz", hash = "sha256:6c86281738d77335af7aec228328e944b30930899ea760ecf33a4dba66be5e74"},
]

[[package]]
name = "pyyaml"
version = "6.0.3"
summary = ""
files = [
    {file = "pyyaml-6.0.3-cp311-cp311-macosx_10_13_x86_64.whl", hash = "sha256:44edc647873928551a01e7a563d7452ccdebee747728c1080d881d68af7b997e"},
    {file = "pyyaml-6.0.3-cp311-cp311-macosx_11_0_arm64.whl", hash = "sha256:652cb6edd41e718550aad172851962662ff2681490a8a711af6a4d288dd96824"},
    {file = "pyyaml-6.0.3-cp311-cp311-manylinux2014_aarch64.manylinux_2_17_aarch64.manylinux_2_28_aarch64.whl", hash = "sha256:10892704fc220243f5305762e276552a0395f7beb4dbf9b14ec8fd43b57f126c"},
    {file = "pyyaml-6.0.3-cp311-cp311-manylinux2014_s390x.manylinux_2_17_s390x.manylinux_2_28_s390x.whl", hash = "sha256:850774a7879607d3a6f50d36d04f00ee69e7fc816450e5f7e58d7f17f1ae5c00"},
    {file = "pyyaml-6.0.3-cp311-cp311-manylinux2014_x86_64.manylinux_2_17_x86_64.manylinux_2_28_x86_64.whl", hash = "sha256:b8bb0864c5a28024fac8a632c443c87c5aa6f215c0b126c449ae1a150412f31d"},
    {file = "pyyaml-6.0.3-cp311-cp311-musllinux_1_2_aarch64.whl", hash = "sha256:1d37d57ad971609cf3c53ba6a7e365e40660e3be0e5175fa9f2365a379d6095a"},
    {file = "pyyaml-6.0.3-cp311-cp311-musllinux_1_2_x86_64.whl", hash = "sha256:37503bfbfc9d2c40b344d06b2199cf0e96e97957ab1c1b546fd4f87e53e5d3e4"},
    {file = "pyyaml-6.0.3-cp311-cp311-win32.whl", hash = "sha256:8098f252adfa6c80ab48096053f512f2321f0b998f98150cea9bd23d83e1467b"},
    {file = "pyyaml-6.0.3-cp311-cp311-win_amd64.whl", hash = "sha256:9f3bfb4965eb874431221a3ff3fdcddc7e74e3b07799e0e84ca4a0f867d449bf"},
    {file = "pyyaml-6.0.3.tar.gz", hash = "sha256:d76623373421df22fb4cf8817020cbb7ef15c725b9d5e45f17e189bfc384190f"},
]

[[package]]
name = "regex"
version = "2025.11.3"
summary = ""
files = [
    {file = "regex-2025.11.3-cp311-cp311-macosx_10_9_universal2.whl", hash = "sha256:eadade04221641516fa25139273505a1c19f9bf97589a05bc4cfcd8b4a618031"},
    {file = "regex-2025.11.3-cp311-cp311-macosx_10_9_x86_64.whl", hash = "sha256:feff9e54ec0dd3833d659257f5c3f5322a12eee58ffa360984b716f8b92983f4"},
    {file = "regex-2025.11.3-cp311-cp311-macosx_11_0_arm64.whl", hash = "sha256:3b30bc921d50365775c09a7ed446359e5c0179e9e2512beec4a60cbcef6ddd50"},
    {file = "regex-2025.11.3-cp311-cp311-manylinux2014_aarch64.manylinux_2_17_aarch64.manylinux_2_28_aarch64.whl", hash = "sha256:f99be08cfead2020c7ca6e396c13543baea32343b7a9a5780c462e323bd8872f"},
    {file = "regex-2025.11.3-cp311-cp311-manylinux2014_ppc64le.manylinux_2_17_ppc64le.manylinux_2_28_ppc64le.whl", hash = "sha256:6dd329a1b61c0ee95ba95385fb0c07ea0d3fe1a21e1349fa2bec272636217118"},
    {file = "regex-2025.11.3-cp311-cp311-manylinux2014_s390x.manylinux_2_17_s390x.manylinux_2_28_s390x.whl", hash = "sha256:4c5238d32f3c5269d9e87be0cf096437b7622b6920f5eac4fd202468aaeb34d2"},
    {file = "regex-2025.11.3-cp311-cp311-manylinux2014_x86_64.manylinux_2_17_x86_64.manylinux_2_28_x86_64.whl", hash = "sha256:10483eefbfb0adb18ee9474498c9a32fcf4e594fbca0543bb94c48bac6183e2e"},
    {file = "regex-2025.11.3-cp311-cp311-musllinux_1_2_aarch64.whl", hash = "sha256:78c2d02bb6e1da0720eedc0bad578049cad3f71050ef8cd065ecc87691bed2b0"},
    {file = "regex-2025.11.3-cp311-cp311-musllinux_1_2_ppc64le.whl", hash = "sha256:e6b49cd2aad93a1790ce9cffb18964f6d3a4b0b3dbdbd5de094b65296fce6e58"},
    {file = "regex-2025.11.3-cp311-cp311-musllinux_1_2_s390x.whl", hash = "sha256:885b26aa3ee56433b630502dc3d36ba78d186a00cc535d3806e6bfd9ed3c70ab"},
    {file = "regex-2025.11.3-cp311-cp311-musllinux_1_2_x86_64.whl", hash = "sha256:ddd76a9f58e6a00f8772e72cff8ebcff78e022be95edf018766707c730593e1e"},
    {file = "regex-2025.11.3-cp311-cp311-win32.whl", hash = "sha256:3e816cc9aac1cd3cc9a4ec4d860f06d40f994b5c7b4d03b93345f44e08cc68bf"},
    {file = "regex-2025.11.3-cp311-cp311-win_amd64.whl", hash = "sha256:087511f5c8b7dfbe3a03f5d5ad0c2a33861b1fc387f21f6f60825a44865a385a"},
    {file = "regex-2025.11.3-cp311-cp311-win_arm64.whl", hash = "sha256:1ff0d190c7f68ae7769cd0313fe45820ba07ffebfddfaa89cc1eb70827ba0ddc"},
    {file = "regex-2025.11.3.tar.gz", hash = "sha256:1fedc720f9bb2494ce31a58a1631f9c82df6a09b49c19517ea5cc280b4541e01"},
]

[[package]]
name = "requests"
version = "2.32.5"
summary = ""
dependencies = [
    "certifi",
    "charset-normalizer",
    "idna",
    "urllib3",
]
files = [
    {file = "requests-2.32.5-py3-none-any.whl", hash = "sha256:2462f94637a34fd532264295e186976db0f5d453d1cdd31473c85a6a161affb6"},
    {file = "requests-2.32.5.tar.gz", hash = "sha256:dbba0bac56e100853db0ea71b82b4dfd5fe2bf6d3754a8893c3af500cec7d7cf"},
]

[[package]]
name = "safetensors"
version = "0.7.0"
summary = ""
files = [
    {file = "safetensors-0.7.0-cp38-abi3-macosx_10_12_x86_64.whl", hash = "sha256:c82f4d474cf725255d9e6acf17252991c3c8aac038d6ef363a4bf8be2f6db517"},
    {file = "safetensors-0.7.0-cp38-abi3-macosx_11_0_arm64.whl", hash = "sha256:94fd4858284736bb67a897a41608b5b0c2496c9bdb3bf2af1fa3409127f20d57"},
    {file = "safetensors-0.7.0-cp38-abi3-manylinux_2_17_aarch64.manylinux2014_aarch64.whl", hash = "sha256:e07d91d0c92a31200f25351f4acb2bc6aff7f48094e13ebb1d0fb995b54b6542"},
    {file = "safetensors-0.7.0-cp38-abi3-manylinux_2_17_armv7l.manylinux2014_armv7l.whl", hash = "sha256:8469155f4cb518bafb4acf4865e8bb9d6804110d2d9bdcaa78564b9fd841e104"},
    {file = "safetensors-0.7.0-cp38-abi3-manylinux_2_17_ppc64le.manylinux2014_ppc64le.whl", hash = "sha256:54bef08bf00a2bff599982f6b08e8770e09cc012d7bba00783fc7ea38f1fb37d"},
    {file = "safetensors-0.7.0-cp38-abi3-manylinux_2_17_s390x.manylinux2014_s390x.whl", hash = "sha256:42cb091236206bb2016d245c377ed383aa7f78691748f3bb6ee1bfa51ae2ce6a"},
    {file = "safetensors-0.7.0-cp38-abi3-manylinux_2_17_x86_64.manylinux2014_x86_64.whl", hash = "sha256:dac7252938f0696ddea46f5e855dd3138444e82236e3be475f54929f0c510d48"},
    {file = "safetensors-0.7.0-cp38-abi3-manylinux_2_5_i686.manylinux1_i686.whl", hash = "sha256:1d060c70284127fa805085d8f10fbd0962792aed71879d00864acda69dbab981"},
    {file = "safetensors-0.7.0-cp38-abi3-musllinux_1_2_aarch64.whl", hash = "sha256:cdab83a366799fa730f90a4ebb563e494f28e9e92c4819e556152ad55e43591b"},
    {file = "safetensors-0.7.0-cp38-abi3-musllinux_1_2_armv7l.whl", hash = "sha256:672132907fcad9f2aedcb705b2d7b3b93354a2aec1b2f706c4db852abe338f85"},
    {file = "safetensors-0.7.0-cp38-abi3-musllinux_1_2_i686.whl", hash = "sha256:5d72abdb8a4d56d4020713724ba81dac065fedb7f3667151c4a637f1d3fb26c0"},
    {file = "safetensors-0.7.0-cp38-abi3-musllinux_1_2_x86_64.whl", hash = "sha256:b0f6d66c1c538d5a94a73aa9ddca8ccc4227e6c9ff555322ea40bdd142391dd4"},
    {file = "safetensors-0.7.0-cp38-abi3-win32.whl", hash = "sha256:c74af94bf3ac15ac4d0f2a7c7b4663a15f8c2ab15ed0fc7531ca61d0835eccba"},
    {file = "safetensors-0.7.0-cp38-abi3-win_amd64.whl", hash = "sha256:d1239932053f56f3456f32eb9625590cc7582e905021f94636202a864d470755"},
    {file = "safetensors-0.7.0.tar.gz", hash = "sha256:07663963b67e8bd9f0b8ad15bb9163606cd27cc5a1b96235a50d8369803b96b0"},
]

[[package]]
name = "sympy"
version = "1.14.0"
summary = ""
dependencies = [
    "mpmath",
]
files = [
    {file = "sympy-1.14.0-py3-none-any.whl", hash = "sha256:e091cc3e99d2141a0ba2847328f5479b05d94a6635cb96148ccb3f34671bd8f5"},
    {file = "sympy-1.14.0.tar.gz", hash = "sha256:d3d3fe8df1e5a0b42f0e7bdf50541697dbe7d23746e894990c030e2b05e72517"},
]

[[package]]
name = "tokenizers"
version = "0.22.1"
summary = ""
dependencies = [
    "huggingface-hub",
]
files = [
    {file = "tokenizers-0.22.1-cp39-abi3-macosx_10_12_x86_64.whl", hash = "sha256:59fdb013df17455e5f950b4b834a7b3ee2e0271e6378ccb33aa74d178b513c73"},
    {file = "tokenizers-0.22.1-cp39-abi3-macosx_11_0_arm64.whl", hash = "sha256:8d4e484f7b0827021ac5f9f71d4794aaef62b979ab7608593da22b1d2e3c4edc"},
    {file = "tokenizers-0.22.1-cp39-abi3-manylinux_2_17_aarch64.manylinux2014_aarch64.whl", hash = "sha256:19d2962dd28bc67c1f205ab180578a78eef89ac60ca7ef7cbe9635a46a56422a"},
    {file = "tokenizers-0.22.1-cp39-abi3-manylinux_2_17_armv7l.manylinux2014_armv7l.whl", hash = "sha256:38201f15cdb1f8a6843e6563e6e79f4abd053394992b9bbdf5213ea3469b4ae7"},
    {file = "tokenizers-0.22.1-cp39-abi3-manylinux_2_17_i686.manylinux2014_i686.whl", hash = "sha256:d1cbe5454c9a15df1b3443c726063d930c16f047a3cc724b9e6e1a91140e5a21"},
    {file = "tokenizers-0.22.1-cp39-abi3-manylinux_2_17_ppc64le.manylinux2014_ppc64le.whl", hash = "sha256:e7d094ae6312d69cc2a872b54b91b309f4f6fbce871ef28eb27b52a98e4d0214"},
    {file = "tokenizers-0.22.1-cp39-abi3-manylinux_2_17_s390x.manylinux2014_s390x.whl", hash = "sha256:afd7594a56656ace95cdd6df4cca2e4059d294c5cfb1679c57824b605556cb2f"},
    {file = "tokenizers-0.22.1-cp39-abi3-manylinux_2_17_x86_64.manylinux2014_x86_64.whl", hash = "sha256:e2ef6063d7a84994129732b47e7915e8710f27f99f3a3260b8a38fc7ccd083f4"},
    {file = "tokenizers-0.22.1-cp39-abi3-musllinux_1_2_aarch64.whl", hash = "sha256:ba0a64f450b9ef412c98f6bcd2a50c6df6e2443b560024a09fa6a03189726879"},
    {file = "tokenizers-0.22.1-cp39-abi3-musllinux_1_2_armv7l.whl", hash = "sha256:331d6d149fa9c7d632cde4490fb8bbb12337fa3a0232e77892be656464f4b446"},
    {file = "tokenizers-0.22.1-cp39-abi3-musllinux_1_2_i686.whl", hash = "sha256:607989f2ea68a46cb1dfbaf3e3aabdf3f21d8748312dbeb6263d1b3b66c5010a"},
    {file = "tokenizers-0.22.1-cp39-abi3-musllinux_1_2_x86_64.whl", hash = "sha256:a0f307d490295717726598ef6fa4f24af9d484809223bbc253b201c740a06390"},
    {file = "tokenizers-0.22.1-cp39-abi3-win32.whl", hash = "sha256:b5120eed1442765cd90b903bb6cfef781fd8fe64e34ccaecbae4c619b7b12a82"},
    {file = "tokenizers-0.22.1-cp39-abi3-win_amd64.whl", hash = "sha256:65fd6e3fb11ca1e78a6a93602490f134d1fdeb13bcef99389d5102ea318ed138"},
    {file = "tokenizers-0.22.1.tar.gz", hash = "sha256:61de6522785310a309b3407bac22d99c4db5dba349935e99e4d15ea2226af2d9"},
]

[[package]]
name = "torch"
version = "2.9.1"
summary = ""
dependencies = [
    "filelock",
    "fsspec",
    "jinja2",
    "networkx",
    "nvidia-cublas-cu12; platform_machine == \"x86_64\" and sys_platform == \"linux\"",
    "nvidia-cuda-cupti-cu12; platform_machine == \"x86_64\" and sys_platform == \"linux\"",
    "nvidia-cuda-nvrtc-cu12; platform_machine == \"x86_64\" and sys_platform == \"linux\"",
    "nvidia-cuda-runtime-cu12; platform_machine == \"x86_64\" and sys_platform == \"linux\"",
    "nvidia-cudnn-cu12; platform_machine == \"x86_64\" and sys_platform == \"linux\"",
    "nvidia-cufft-cu12; platform_machine == \"x86_64\" and sys_platform == \"linux\"",
    "nvidia-cufile-cu12; platform_machine == \"x86_64\" and sys_platform == \"linux\"",
    "nvidia-curand-cu12; platform_machine == \"x86_64\" and sys_platform == \"linux\"",
    "nvidia-cusolver-cu12; platform_machine == \"x86_64\" and sys_platform == \"linux\"",
    "nvidia-cusparse-cu12; platform_machine == \"x86_64\" and sys_platform == \"linux\"",
    "nvidia-cusparselt-cu12; platform_machine == \"x86_64\" and sys_platform == \"linux\"",
    "nvidia-nccl-cu12; platform_machine == \"x86_64\" and sys_platform == \"linux\"",
    "nvidia-nvjitlink-cu12; platform_machine == \"x86_64\" and sys_platform == \"linux\"",
    "nvidia-nvshmem-cu12; platform_machine == \"x86_64\" and sys_platform == \"linux\"",
    "nvidia-nvtx-cu12; platform_machine == \"x86_64\" and sys_platform == \"linux\"",
    "sympy",
    "triton; platform_machine == \"x86_64\" and sys_platform == \"linux\"",
    "typing-extensions",
]
files = [
    {file = "torch-2.9.1-cp311-cp311-manylinux_2_28_aarch64.whl", hash = "sha256:62b3fd888277946918cba4478cf849303da5359f0fb4e3bfb86b0533ba2eaf8d"},
    {file = "torch-2.9.1-cp311-cp311-manylinux_2_28_x86_64.whl", hash = "sha256:d033ff0ac3f5400df862a51bdde9bad83561f3739ea0046e68f5401ebfa67c1b"},
    {file = "torch-2.9.1-cp311-cp311-win_amd64.whl", hash = "sha256:0d06b30a9207b7c3516a9e0102114024755a07045f0c1d2f2a56b1819ac06bcb"},
    {file = "torch-2.9.1-cp311-none-macosx_11_0_arm64.whl", hash = "sha256:52347912d868653e1528b47cafaf79b285b98be3f4f35d5955389b1b95224475"},
]

[[package]]
name = "tqdm"
version = "4.67.1"
summary = ""
dependencies = [
    "colorama; sys_platform == \"win32\"",
]
files = [
    {file = "tqdm-4.67.1-py3-none-any.whl", hash = "sha256:26445eca388f82e72884e0d580d5464cd801a3ea01e63e5601bdff9ba6a48de2"},
    {file = "tqdm-4.67.1.tar.gz", hash = "sha256:f8aef9c52c08c13a65f30ea34f4e5aac3fd1a34959879d7e59e63027286627f2"},
]

[[package]]
name = "transformers"
version = "4.57.3"
summary = ""
dependencies = [
    "filelock",
    "huggingface-hub",
    "numpy",
    "packaging",
    "pyyaml",
    "regex",
    "requests",
    "safetensors",
    "tokenizers",
    "tqdm",
]
files = [
    {file = "transformers-4.57.3-py3-none-any.whl", hash = "sha256:c77d353a4851b1880191603d36acb313411d3577f6e2897814f333841f7003f4"},
    {file = "transformers-4.57.3.tar.gz", hash = "sha256:df4945029aaddd7c09eec5cad851f30662f8bd1746721b34cc031d70c65afebc"},
]

[[package]]
name = "triton"
version = "3.5.1"
summary = ""
files = [
    {file = "triton-3.5.1-cp311-cp311-manylinux_2_27_x86_64.manylinux_2_28_x86_64.whl", hash = "sha256:61413522a48add32302353fdbaaf92daaaab06f6b5e3229940d21b5207f47579"},
]

[[package]]
name = "typing-extensions"
version = "4.15.0"
summary = ""
files = [
    {file = "typing_extensions-4.15.0-py3-none-any.whl", hash = "sha256:f0fa19c6845758ab08074a0cfa8b7aecb71c999ca73d62883bc25cc018c4e548"},
    {file = "typing_extensions-4.15.0.tar.gz", hash = "sha256:0cea48d173cc12fa28ecabc3b837ea3cf6f38c6d1136f85cbaaf598984861466"},
]

[[package]]
name = "urllib3"
version = "2.6.2"
summary = ""
files = [
    {file = "urllib3-2.6.2-py3-none-any.whl", hash = "sha256:ec21cddfe7724fc7cb4ba4bea7aa8e2ef36f607a4bab81aa6ce42a13dc3f03dd"},
    {file = "urllib3-2.6.2.tar.gz", hash = "sha256:016f9c98bb7e98085cb2b4b17b87d2c702975664e4f060c6532e64d1c1a5e797"},
]
